// !$*UTF8*$!
{
	archiveVersion = 1;
	classes = {
	};
	objectVersion = 46;
	objects = {

/* Begin PBXBuildFile section */
		DF3D63AF16252EDA00E684BC /* OMColorHelper.m in Sources */ = {isa = PBXBuildFile; fileRef = DF3D63AA16252EDA00E684BC /* OMColorHelper.m */; };
		DF3D63B016252EDA00E684BC /* OMColorFrameView.m in Sources */ = {isa = PBXBuildFile; fileRef = DF3D63AC16252EDA00E684BC /* OMColorFrameView.m */; };
		DF3D63B116252EDA00E684BC /* OMPlainColorWell.m in Sources */ = {isa = PBXBuildFile; fileRef = DF3D63AE16252EDA00E684BC /* OMPlainColorWell.m */; };
		DF3D63B2162535F800E684BC /* Foundation.framework in Frameworks */ = {isa = PBXBuildFile; fileRef = DF3D639116252C8900E684BC /* Foundation.framework */; };
		DF3D63B31625360000E684BC /* AppKit.framework in Frameworks */ = {isa = PBXBuildFile; fileRef = DF3D638F16252C8900E684BC /* AppKit.framework */; };
/* End PBXBuildFile section */

/* Begin PBXFileReference section */
		DF3D638816252C8900E684BC /* ECQiitaXcodePlugin.xcplugin */ = {isa = PBXFileReference; explicitFileType = wrapper.application; includeInIndex = 0; path = ECQiitaXcodePlugin.xcplugin; sourceTree = BUILT_PRODUCTS_DIR; };
		DF3D638F16252C8900E684BC /* AppKit.framework */ = {isa = PBXFileReference; lastKnownFileType = wrapper.framework; name = AppKit.framework; path = System/Library/Frameworks/AppKit.framework; sourceTree = SDKROOT; };
		DF3D639116252C8900E684BC /* Foundation.framework */ = {isa = PBXFileReference; lastKnownFileType = wrapper.framework; name = Foundation.framework; path = System/Library/Frameworks/Foundation.framework; sourceTree = SDKROOT; };
		DF3D639416252C8900E684BC /* ECQiitaXcodePlugin-Info.plist */ = {isa = PBXFileReference; lastKnownFileType = text.plist.xml; path = "ECQiitaXcodePlugin-Info.plist"; sourceTree = "<group>"; };
		DF3D639616252C8900E684BC /* en */ = {isa = PBXFileReference; lastKnownFileType = text.plist.strings; name = en; path = en.lproj/InfoPlist.strings; sourceTree = "<group>"; };
		DF3D639C16252C8900E684BC /* en */ = {isa = PBXFileReference; lastKnownFileType = text.rtf; name = en; path = en.lproj/Credits.rtf; sourceTree = "<group>"; };
		DF3D63A916252EDA00E684BC /* OMColorHelper.h */ = {isa = PBXFileReference; fileEncoding = 4; lastKnownFileType = sourcecode.c.h; path = OMColorHelper.h; sourceTree = "<group>"; };
		DF3D63AA16252EDA00E684BC /* OMColorHelper.m */ = {isa = PBXFileReference; fileEncoding = 4; lastKnownFileType = sourcecode.c.objc; path = OMColorHelper.m; sourceTree = "<group>"; };
		DF3D63AB16252EDA00E684BC /* OMColorFrameView.h */ = {isa = PBXFileReference; fileEncoding = 4; lastKnownFileType = sourcecode.c.h; path = OMColorFrameView.h; sourceTree = "<group>"; };
		DF3D63AC16252EDA00E684BC /* OMColorFrameView.m */ = {isa = PBXFileReference; fileEncoding = 4; lastKnownFileType = sourcecode.c.objc; path = OMColorFrameView.m; sourceTree = "<group>"; };
		DF3D63AD16252EDA00E684BC /* OMPlainColorWell.h */ = {isa = PBXFileReference; fileEncoding = 4; lastKnownFileType = sourcecode.c.h; path = OMPlainColorWell.h; sourceTree = "<group>"; };
		DF3D63AE16252EDA00E684BC /* OMPlainColorWell.m */ = {isa = PBXFileReference; fileEncoding = 4; lastKnownFileType = sourcecode.c.objc; path = OMPlainColorWell.m; sourceTree = "<group>"; };
/* End PBXFileReference section */

/* Begin PBXFrameworksBuildPhase section */
		DF3D638516252C8900E684BC /* Frameworks */ = {
			isa = PBXFrameworksBuildPhase;
			buildActionMask = 2147483647;
			files = (
				DF3D63B31625360000E684BC /* AppKit.framework in Frameworks */,
				DF3D63B2162535F800E684BC /* Foundation.framework in Frameworks */,
			);
			runOnlyForDeploymentPostprocessing = 0;
		};
/* End PBXFrameworksBuildPhase section */

/* Begin PBXGroup section */
		DF3D637D16252C8900E684BC = {
			isa = PBXGroup;
			children = (
				DF3D639216252C8900E684BC /* ECQiitaXcodePlugin */,
				DF3D638B16252C8900E684BC /* Frameworks */,
				DF3D638916252C8900E684BC /* Products */,
			);
			sourceTree = "<group>";
		};
		DF3D638916252C8900E684BC /* Products */ = {
			isa = PBXGroup;
			children = (
				DF3D638816252C8900E684BC /* ECQiitaXcodePlugin.xcplugin */,
			);
			name = Products;
			sourceTree = "<group>";
		};
		DF3D638B16252C8900E684BC /* Frameworks */ = {
			isa = PBXGroup;
			children = (
				DF3D638F16252C8900E684BC /* AppKit.framework */,
				DF3D639116252C8900E684BC /* Foundation.framework */,
			);
			name = Frameworks;
			sourceTree = "<group>";
		};
		DF3D639216252C8900E684BC /* ECQiitaXcodePlugin */ = {
			isa = PBXGroup;
			children = (
				DF3D63A916252EDA00E684BC /* OMColorHelper.h */,
				DF3D63AA16252EDA00E684BC /* OMColorHelper.m */,
				DF3D63AB16252EDA00E684BC /* OMColorFrameView.h */,
				DF3D63AC16252EDA00E684BC /* OMColorFrameView.m */,
				DF3D63AD16252EDA00E684BC /* OMPlainColorWell.h */,
				DF3D63AE16252EDA00E684BC /* OMPlainColorWell.m */,
				DF3D639316252C8900E684BC /* Supporting Files */,
			);
			path = ECQiitaXcodePlugin;
			sourceTree = "<group>";
		};
		DF3D639316252C8900E684BC /* Supporting Files */ = {
			isa = PBXGroup;
			children = (
				DF3D639416252C8900E684BC /* ECQiitaXcodePlugin-Info.plist */,
				DF3D639516252C8900E684BC /* InfoPlist.strings */,
				DF3D639B16252C8900E684BC /* Credits.rtf */,
			);
			name = "Supporting Files";
			sourceTree = "<group>";
		};
/* End PBXGroup section */

/* Begin PBXNativeTarget section */
		DF3D638716252C8900E684BC /* ECQiitaXcodePlugin */ = {
			isa = PBXNativeTarget;
			buildConfigurationList = DF3D63A616252C8900E684BC /* Build configuration list for PBXNativeTarget "ECQiitaXcodePlugin" */;
			buildPhases = (
				DF3D638416252C8900E684BC /* Sources */,
				DF3D638516252C8900E684BC /* Frameworks */,
			);
			buildRules = (
			);
			dependencies = (
			);
			name = ECQiitaXcodePlugin;
			productName = ECQiitaXcodePlugin;
			productReference = DF3D638816252C8900E684BC /* ECQiitaXcodePlugin.xcplugin */;
			productType = "com.apple.product-type.application";
		};
/* End PBXNativeTarget section */

/* Begin PBXProject section */
		DF3D637F16252C8900E684BC /* Project object */ = {
			isa = PBXProject;
			attributes = {
				CLASSPREFIX = EC;
				LastUpgradeCheck = 0450;
				ORGANIZATIONNAME = "佐藤大資";
			};
			buildConfigurationList = DF3D638216252C8900E684BC /* Build configuration list for PBXProject "ECQiitaXcodePlugin" */;
			compatibilityVersion = "Xcode 3.2";
			developmentRegion = English;
			hasScannedForEncodings = 0;
			knownRegions = (
				en,
			);
			mainGroup = DF3D637D16252C8900E684BC;
			productRefGroup = DF3D638916252C8900E684BC /* Products */;
			projectDirPath = "";
			projectRoot = "";
			targets = (
				DF3D638716252C8900E684BC /* ECQiitaXcodePlugin */,
			);
		};
/* End PBXProject section */

/* Begin PBXSourcesBuildPhase section */
		DF3D638416252C8900E684BC /* Sources */ = {
			isa = PBXSourcesBuildPhase;
			buildActionMask = 2147483647;
			files = (
				DF3D63AF16252EDA00E684BC /* OMColorHelper.m in Sources */,
				DF3D63B016252EDA00E684BC /* OMColorFrameView.m in Sources */,
				DF3D63B116252EDA00E684BC /* OMPlainColorWell.m in Sources */,
			);
			runOnlyForDeploymentPostprocessing = 0;
		};
/* End PBXSourcesBuildPhase section */

/* Begin PBXVariantGroup section */
		DF3D639516252C8900E684BC /* InfoPlist.strings */ = {
			isa = PBXVariantGroup;
			children = (
				DF3D639616252C8900E684BC /* en */,
			);
			name = InfoPlist.strings;
			sourceTree = "<group>";
		};
		DF3D639B16252C8900E684BC /* Credits.rtf */ = {
			isa = PBXVariantGroup;
			children = (
				DF3D639C16252C8900E684BC /* en */,
			);
			name = Credits.rtf;
			sourceTree = "<group>";
		};
/* End PBXVariantGroup section */

/* Begin XCBuildConfiguration section */
		DF3D63A416252C8900E684BC /* Debug */ = {
			isa = XCBuildConfiguration;
			buildSettings = {
				ALWAYS_SEARCH_USER_PATHS = YES;
				ARCHS = "$(ARCHS_STANDARD_64_BIT)";
				CLANG_CXX_LANGUAGE_STANDARD = "compiler-default";
				CLANG_CXX_LIBRARY = "compiler-default";
				CLANG_ENABLE_OBJC_ARC = YES;
				CLANG_WARN_EMPTY_BODY = YES;
				CLANG_WARN__DUPLICATE_METHOD_MATCH = YES;
				COPY_PHASE_STRIP = YES;
				CURRENT_PROJECT_VERSION = 1.0.1;
				GCC_C_LANGUAGE_STANDARD = gnu99;
				GCC_DYNAMIC_NO_PIC = NO;
				GCC_ENABLE_OBJC_EXCEPTIONS = YES;
				GCC_OPTIMIZATION_LEVEL = 0;
				GCC_PREPROCESSOR_DEFINITIONS = (
					"DEBUG=1",
					"$(inherited)",
				);
				GCC_SYMBOLS_PRIVATE_EXTERN = NO;
				GCC_WARN_64_TO_32_BIT_CONVERSION = YES;
				GCC_WARN_ABOUT_RETURN_TYPE = YES;
				GCC_WARN_UNINITIALIZED_AUTOS = YES;
				GCC_WARN_UNUSED_VARIABLE = YES;
				INSTALL_PATH = "$(HOME)/Library/Application Support/Developer/Shared/Xcode/Plug-ins";
				MACOSX_DEPLOYMENT_TARGET = 10.7;
				ONLY_ACTIVE_ARCH = NO;
				SDKROOT = macosx;
				SHARED_PRECOMPS_DIR = "$(CACHE_ROOT)/SharedPrecompiledHeaders";
			};
			name = Debug;
		};
		DF3D63A516252C8900E684BC /* Release */ = {
			isa = XCBuildConfiguration;
			buildSettings = {
				ALWAYS_SEARCH_USER_PATHS = YES;
				ARCHS = "$(ARCHS_STANDARD_64_BIT)";
				CLANG_CXX_LANGUAGE_STANDARD = "compiler-default";
				CLANG_CXX_LIBRARY = "compiler-default";
				CLANG_ENABLE_OBJC_ARC = YES;
				CLANG_WARN_EMPTY_BODY = YES;
				CLANG_WARN__DUPLICATE_METHOD_MATCH = YES;
				COPY_PHASE_STRIP = YES;
				CURRENT_PROJECT_VERSION = 1.0.1;
				DEBUG_INFORMATION_FORMAT = "dwarf-with-dsym";
				GCC_C_LANGUAGE_STANDARD = gnu99;
				GCC_ENABLE_OBJC_EXCEPTIONS = YES;
				GCC_OPTIMIZATION_LEVEL = 0;
				GCC_WARN_64_TO_32_BIT_CONVERSION = YES;
				GCC_WARN_ABOUT_RETURN_TYPE = YES;
				GCC_WARN_UNINITIALIZED_AUTOS = YES;
				GCC_WARN_UNUSED_VARIABLE = YES;
				INSTALL_PATH = "$(HOME)/Library/Application Support/Developer/Shared/Xcode/Plug-ins";
				MACOSX_DEPLOYMENT_TARGET = 10.7;
				ONLY_ACTIVE_ARCH = NO;
				SDKROOT = macosx;
				SHARED_PRECOMPS_DIR = "$(CACHE_ROOT)/SharedPrecompiledHeaders";
			};
			name = Release;
		};
		DF3D63A716252C8900E684BC /* Debug */ = {
			isa = XCBuildConfiguration;
			buildSettings = {
				COMBINE_HIDPI_IMAGES = YES;
				COPY_PHASE_STRIP = NO;
				DEBUG_INFORMATION_FORMAT = dwarf;
				DEPLOYMENT_LOCATION = YES;
				DEPLOYMENT_POSTPROCESSING = YES;
				DSTROOT = "$(HOME)";
				GCC_PRECOMPILE_PREFIX_HEADER = YES;
				GCC_PREFIX_HEADER = "";
				GCC_SYMBOLS_PRIVATE_EXTERN = NO;
				INFOPLIST_FILE = "ECQiitaXcodePlugin/ECQiitaXcodePlugin-Info.plist";
				INSTALL_PATH = "/Library/Application Support/Developer/Shared/Xcode/Plug-ins";
				MACH_O_TYPE = mh_bundle;
				PRODUCT_NAME = "$(TARGET_NAME)";
				STRIP_STYLE = "non-global";
				WRAPPER_EXTENSION = xcplugin;
			};
			name = Debug;
		};
		DF3D63A816252C8900E684BC /* Release */ = {
			isa = XCBuildConfiguration;
			buildSettings = {
				COMBINE_HIDPI_IMAGES = YES;
				COPY_PHASE_STRIP = NO;
				DEBUG_INFORMATION_FORMAT = dwarf;
				DEPLOYMENT_LOCATION = YES;
				DEPLOYMENT_POSTPROCESSING = YES;
				DSTROOT = "$(HOME)";
				GCC_PRECOMPILE_PREFIX_HEADER = YES;
				GCC_PREFIX_HEADER = "";
				GCC_SYMBOLS_PRIVATE_EXTERN = NO;
				INFOPLIST_FILE = "ECQiitaXcodePlugin/ECQiitaXcodePlugin-Info.plist";
				INSTALL_PATH = "/Library/Application Support/Developer/Shared/Xcode/Plug-ins";
				MACH_O_TYPE = mh_bundle;
				PRODUCT_NAME = "$(TARGET_NAME)";
				STRIP_STYLE = "non-global";
				WRAPPER_EXTENSION = xcplugin;
			};
			name = Release;
		};
/* End XCBuildConfiguration section */

/* Begin XCConfigurationList section */
		DF3D638216252C8900E684BC /* Build configuration list for PBXProject "ECQiitaXcodePlugin" */ = {
			isa = XCConfigurationList;
			buildConfigurations = (
				DF3D63A416252C8900E684BC /* Debug */,
				DF3D63A516252C8900E684BC /* Release */,
			);
			defaultConfigurationIsVisible = 0;
			defaultConfigurationName = Release;
		};
		DF3D63A616252C8900E684BC /* Build configuration list for PBXNativeTarget "ECQiitaXcodePlugin" */ = {
			isa = XCConfigurationList;
			buildConfigurations = (
				DF3D63A716252C8900E684BC /* Debug */,
				DF3D63A816252C8900E684BC /* Release */,
			);
			defaultConfigurationIsVisible = 0;
			defaultConfigurationName = Release;
		};
/* End XCConfigurationList section */
	};
	rootObject = DF3D637F16252C8900E684BC /* Project object */;
}
